
Microsoft Visual Studio Solution File, Format Version 12.00
# Visual Studio Version 16
VisualStudioVersion = 16.0.30711.63
MinimumVisualStudioVersion = 10.0.40219.1
Project("{FAE04EC0-301F-11D3-BF4B-00C04F79EFBC}") = "ComputerArchitecture", "ComputerArchitecture.csproj", "{1BAC76DE-020A-440B-A2D2-8340503FAD5A}"
EndProject
Global
	GlobalSection(SolutionConfigurationPlatforms) = preSolution
		Debug|Any CPU = Debug|Any CPU
		Release|Any CPU = Release|Any CPU
	EndGlobalSection
	GlobalSection(ProjectConfigurationPlatforms) = postSolution
		{1BAC76DE-020A-440B-A2D2-8340503FAD5A}.Debug|Any CPU.ActiveCfg = Debug|Any CPU
		{1BAC76DE-020A-440B-A2D2-8340503FAD5A}.Debug|Any CPU.Build.0 = Debug|Any CPU
		{1BAC76DE-020A-440B-A2D2-8340503FAD5A}.Release|Any CPU.ActiveCfg = Release|Any CPU
		{1BAC76DE-020A-440B-A2D2-8340503FAD5A}.Release|Any CPU.Build.0 = Release|Any CPU
	EndGlobalSection
	GlobalSection(SolutionProperties) = preSolution
		HideSolutionNode = FALSE
	EndGlobalSection
	GlobalSection(ExtensibilityGlobals) = postSolution
		SolutionGuid = {E8C076C6-46FF-4E35-903F-FC8FF5F04391}
	EndGlobalSection
EndGlobal
